// !$*UTF8*$!
{
	archiveVersion = 1;
	classes = {
	};
	objectVersion = 55;
	objects = {

/* Begin PBXBuildFile section */
		B9C2417F273123E700CEFFED /* AppDelegate.swift in Sources */ = {isa = PBXBuildFile; fileRef = B9C2417E273123E700CEFFED /* AppDelegate.swift */; };
		B9C24181273123E700CEFFED /* SceneDelegate.swift in Sources */ = {isa = PBXBuildFile; fileRef = B9C24180273123E700CEFFED /* SceneDelegate.swift */; };
		B9C24183273123E700CEFFED /* ViewController.swift in Sources */ = {isa = PBXBuildFile; fileRef = B9C24182273123E700CEFFED /* ViewController.swift */; };
		B9C24186273123E700CEFFED /* Main.storyboard in Resources */ = {isa = PBXBuildFile; fileRef = B9C24184273123E700CEFFED /* Main.storyboard */; };
		B9C24188273123E900CEFFED /* Assets.xcassets in Resources */ = {isa = PBXBuildFile; fileRef = B9C24187273123E900CEFFED /* Assets.xcassets */; };
		B9C2418B273123E900CEFFED /* LaunchScreen.storyboard in Resources */ = {isa = PBXBuildFile; fileRef = B9C24189273123E900CEFFED /* LaunchScreen.storyboard */; };
		B9C24199273130AB00CEFFED /* ci_cd_demoTests.swift in Sources */ = {isa = PBXBuildFile; fileRef = B9C24198273130AB00CEFFED /* ci_cd_demoTests.swift */; };
/* End PBXBuildFile section */

/* Begin PBXContainerItemProxy section */
		B9C2419A273130AB00CEFFED /* PBXContainerItemProxy */ = {
			isa = PBXContainerItemProxy;
			containerPortal = B9C24173273123E700CEFFED /* Project object */;
			proxyType = 1;
			remoteGlobalIDString = B9C2417A273123E700CEFFED;
			remoteInfo = "ci-cd-demo";
		};
/* End PBXContainerItemProxy section */

/* Begin PBXFileReference section */
		B9C2417B273123E700CEFFED /* ci-cd-demo.app */ = {isa = PBXFileReference; explicitFileType = wrapper.application; includeInIndex = 0; path = "ci-cd-demo.app"; sourceTree = BUILT_PRODUCTS_DIR; };
		B9C2417E273123E700CEFFED /* AppDelegate.swift */ = {isa = PBXFileReference; lastKnownFileType = sourcecode.swift; path = AppDelegate.swift; sourceTree = "<group>"; };
		B9C24180273123E700CEFFED /* SceneDelegate.swift */ = {isa = PBXFileReference; lastKnownFileType = sourcecode.swift; path = SceneDelegate.swift; sourceTree = "<group>"; };
		B9C24182273123E700CEFFED /* ViewController.swift */ = {isa = PBXFileReference; lastKnownFileType = sourcecode.swift; path = ViewController.swift; sourceTree = "<group>"; };
		B9C24185273123E700CEFFED /* Base */ = {isa = PBXFileReference; lastKnownFileType = file.storyboard; name = Base; path = Base.lproj/Main.storyboard; sourceTree = "<group>"; };
		B9C24187273123E900CEFFED /* Assets.xcassets */ = {isa = PBXFileReference; lastKnownFileType = folder.assetcatalog; path = Assets.xcassets; sourceTree = "<group>"; };
		B9C2418A273123E900CEFFED /* Base */ = {isa = PBXFileReference; lastKnownFileType = file.storyboard; name = Base; path = Base.lproj/LaunchScreen.storyboard; sourceTree = "<group>"; };
		B9C2418C273123E900CEFFED /* Info.plist */ = {isa = PBXFileReference; lastKnownFileType = text.plist.xml; path = Info.plist; sourceTree = "<group>"; };
		B9C24196273130AB00CEFFED /* ci-cd-demoTests.xctest */ = {isa = PBXFileReference; explicitFileType = wrapper.cfbundle; includeInIndex = 0; path = "ci-cd-demoTests.xctest"; sourceTree = BUILT_PRODUCTS_DIR; };
		B9C24198273130AB00CEFFED /* ci_cd_demoTests.swift */ = {isa = PBXFileReference; lastKnownFileType = sourcecode.swift; path = ci_cd_demoTests.swift; sourceTree = "<group>"; };
/* End PBXFileReference section */

/* Begin PBXFrameworksBuildPhase section */
		B9C24178273123E700CEFFED /* Frameworks */ = {
			isa = PBXFrameworksBuildPhase;
			buildActionMask = 2147483647;
			files = (
			);
			runOnlyForDeploymentPostprocessing = 0;
		};
		B9C24193273130AB00CEFFED /* Frameworks */ = {
			isa = PBXFrameworksBuildPhase;
			buildActionMask = 2147483647;
			files = (
			);
			runOnlyForDeploymentPostprocessing = 0;
		};
/* End PBXFrameworksBuildPhase section */

/* Begin PBXGroup section */
		B9C24172273123E700CEFFED = {
			isa = PBXGroup;
			children = (
				B9C2417D273123E700CEFFED /* ci-cd-demo */,
				B9C24197273130AB00CEFFED /* ci-cd-demoTests */,
				B9C2417C273123E700CEFFED /* Products */,
			);
			sourceTree = "<group>";
		};
		B9C2417C273123E700CEFFED /* Products */ = {
			isa = PBXGroup;
			children = (
				B9C2417B273123E700CEFFED /* ci-cd-demo.app */,
				B9C24196273130AB00CEFFED /* ci-cd-demoTests.xctest */,
			);
			name = Products;
			sourceTree = "<group>";
		};
		B9C2417D273123E700CEFFED /* ci-cd-demo */ = {
			isa = PBXGroup;
			children = (
				B9C2417E273123E700CEFFED /* AppDelegate.swift */,
				B9C24180273123E700CEFFED /* SceneDelegate.swift */,
				B9C24182273123E700CEFFED /* ViewController.swift */,
				B9C24184273123E700CEFFED /* Main.storyboard */,
				B9C24187273123E900CEFFED /* Assets.xcassets */,
				B9C24189273123E900CEFFED /* LaunchScreen.storyboard */,
				B9C2418C273123E900CEFFED /* Info.plist */,
			);
			path = "ci-cd-demo";
			sourceTree = "<group>";
		};
		B9C24197273130AB00CEFFED /* ci-cd-demoTests */ = {
			isa = PBXGroup;
			children = (
				B9C24198273130AB00CEFFED /* ci_cd_demoTests.swift */,
			);
			path = "ci-cd-demoTests";
			sourceTree = "<group>";
		};
/* End PBXGroup section */

/* Begin PBXNativeTarget section */
		B9C2417A273123E700CEFFED /* ci-cd-demo */ = {
			isa = PBXNativeTarget;
			buildConfigurationList = B9C2418F273123E900CEFFED /* Build configuration list for PBXNativeTarget "ci-cd-demo" */;
			buildPhases = (
				B9C24177273123E700CEFFED /* Sources */,
				B9C24178273123E700CEFFED /* Frameworks */,
				B9C24179273123E700CEFFED /* Resources */,
			);
			buildRules = (
			);
			dependencies = (
			);
			name = "ci-cd-demo";
			productName = "ci-cd-demo";
			productReference = B9C2417B273123E700CEFFED /* ci-cd-demo.app */;
			productType = "com.apple.product-type.application";
		};
		B9C24195273130AB00CEFFED /* ci-cd-demoTests */ = {
			isa = PBXNativeTarget;
			buildConfigurationList = B9C2419C273130AC00CEFFED /* Build configuration list for PBXNativeTarget "ci-cd-demoTests" */;
			buildPhases = (
				B9C24192273130AB00CEFFED /* Sources */,
				B9C24193273130AB00CEFFED /* Frameworks */,
				B9C24194273130AB00CEFFED /* Resources */,
			);
			buildRules = (
			);
			dependencies = (
				B9C2419B273130AB00CEFFED /* PBXTargetDependency */,
			);
			name = "ci-cd-demoTests";
			productName = "ci-cd-demoTests";
			productReference = B9C24196273130AB00CEFFED /* ci-cd-demoTests.xctest */;
			productType = "com.apple.product-type.bundle.unit-test";
		};
/* End PBXNativeTarget section */

/* Begin PBXProject section */
		B9C24173273123E700CEFFED /* Project object */ = {
			isa = PBXProject;
			attributes = {
				BuildIndependentTargetsInParallel = 1;
				LastSwiftUpdateCheck = 1310;
				LastUpgradeCheck = 1310;
				TargetAttributes = {
					B9C2417A273123E700CEFFED = {
						CreatedOnToolsVersion = 13.1;
					};
					B9C24195273130AB00CEFFED = {
						CreatedOnToolsVersion = 13.1;
						TestTargetID = B9C2417A273123E700CEFFED;
					};
				};
			};
			buildConfigurationList = B9C24176273123E700CEFFED /* Build configuration list for PBXProject "ci-cd-demo" */;
			compatibilityVersion = "Xcode 13.0";
			developmentRegion = en;
			hasScannedForEncodings = 0;
			knownRegions = (
				en,
				Base,
			);
			mainGroup = B9C24172273123E700CEFFED;
			productRefGroup = B9C2417C273123E700CEFFED /* Products */;
			projectDirPath = "";
			projectRoot = "";
			targets = (
				B9C2417A273123E700CEFFED /* ci-cd-demo */,
				B9C24195273130AB00CEFFED /* ci-cd-demoTests */,
			);
		};
/* End PBXProject section */

/* Begin PBXResourcesBuildPhase section */
		B9C24179273123E700CEFFED /* Resources */ = {
			isa = PBXResourcesBuildPhase;
			buildActionMask = 2147483647;
			files = (
				B9C2418B273123E900CEFFED /* LaunchScreen.storyboard in Resources */,
				B9C24188273123E900CEFFED /* Assets.xcassets in Resources */,
				B9C24186273123E700CEFFED /* Main.storyboard in Resources */,
			);
			runOnlyForDeploymentPostprocessing = 0;
		};
		B9C24194273130AB00CEFFED /* Resources */ = {
			isa = PBXResourcesBuildPhase;
			buildActionMask = 2147483647;
			files = (
			);
			runOnlyForDeploymentPostprocessing = 0;
		};
/* End PBXResourcesBuildPhase section */

/* Begin PBXSourcesBuildPhase section */
		B9C24177273123E700CEFFED /* Sources */ = {
			isa = PBXSourcesBuildPhase;
			buildActionMask = 2147483647;
			files = (
				B9C24183273123E700CEFFED /* ViewController.swift in Sources */,
				B9C2417F273123E700CEFFED /* AppDelegate.swift in Sources */,
				B9C24181273123E700CEFFED /* SceneDelegate.swift in Sources */,
			);
			runOnlyForDeploymentPostprocessing = 0;
		};
		B9C24192273130AB00CEFFED /* Sources */ = {
			isa = PBXSourcesBuildPhase;
			buildActionMask = 2147483647;
			files = (
				B9C24199273130AB00CEFFED /* ci_cd_demoTests.swift in Sources */,
			);
			runOnlyForDeploymentPostprocessing = 0;
		};
/* End PBXSourcesBuildPhase section */

/* Begin PBXTargetDependency section */
		B9C2419B273130AB00CEFFED /* PBXTargetDependency */ = {
			isa = PBXTargetDependency;
			target = B9C2417A273123E700CEFFED /* ci-cd-demo */;
			targetProxy = B9C2419A273130AB00CEFFED /* PBXContainerItemProxy */;
		};
/* End PBXTargetDependency section */

/* Begin PBXVariantGroup section */
		B9C24184273123E700CEFFED /* Main.storyboard */ = {
			isa = PBXVariantGroup;
			children = (
				B9C24185273123E700CEFFED /* Base */,
			);
			name = Main.storyboard;
			sourceTree = "<group>";
		};
		B9C24189273123E900CEFFED /* LaunchScreen.storyboard */ = {
			isa = PBXVariantGroup;
			children = (
				B9C2418A273123E900CEFFED /* Base */,
			);
			name = LaunchScreen.storyboard;
			sourceTree = "<group>";
		};
/* End PBXVariantGroup section */

/* Begin XCBuildConfiguration section */
		B9C2418D273123E900CEFFED /* Debug */ = {
			isa = XCBuildConfiguration;
			buildSettings = {
				ALWAYS_SEARCH_USER_PATHS = NO;
				CLANG_ANALYZER_NONNULL = YES;
				CLANG_ANALYZER_NUMBER_OBJECT_CONVERSION = YES_AGGRESSIVE;
				CLANG_CXX_LANGUAGE_STANDARD = "gnu++17";
				CLANG_CXX_LIBRARY = "libc++";
				CLANG_ENABLE_MODULES = YES;
				CLANG_ENABLE_OBJC_ARC = YES;
				CLANG_ENABLE_OBJC_WEAK = YES;
				CLANG_WARN_BLOCK_CAPTURE_AUTORELEASING = YES;
				CLANG_WARN_BOOL_CONVERSION = YES;
				CLANG_WARN_COMMA = YES;
				CLANG_WARN_CONSTANT_CONVERSION = YES;
				CLANG_WARN_DEPRECATED_OBJC_IMPLEMENTATIONS = YES;
				CLANG_WARN_DIRECT_OBJC_ISA_USAGE = YES_ERROR;
				CLANG_WARN_DOCUMENTATION_COMMENTS = YES;
				CLANG_WARN_EMPTY_BODY = YES;
				CLANG_WARN_ENUM_CONVERSION = YES;
				CLANG_WARN_INFINITE_RECURSION = YES;
				CLANG_WARN_INT_CONVERSION = YES;
				CLANG_WARN_NON_LITERAL_NULL_CONVERSION = YES;
				CLANG_WARN_OBJC_IMPLICIT_RETAIN_SELF = YES;
				CLANG_WARN_OBJC_LITERAL_CONVERSION = YES;
				CLANG_WARN_OBJC_ROOT_CLASS = YES_ERROR;
				CLANG_WARN_QUOTED_INCLUDE_IN_FRAMEWORK_HEADER = YES;
				CLANG_WARN_RANGE_LOOP_ANALYSIS = YES;
				CLANG_WARN_STRICT_PROTOTYPES = YES;
				CLANG_WARN_SUSPICIOUS_MOVE = YES;
				CLANG_WARN_UNGUARDED_AVAILABILITY = YES_AGGRESSIVE;
				CLANG_WARN_UNREACHABLE_CODE = YES;
				CLANG_WARN__DUPLICATE_METHOD_MATCH = YES;
				COPY_PHASE_STRIP = NO;
				DEBUG_INFORMATION_FORMAT = dwarf;
				ENABLE_STRICT_OBJC_MSGSEND = YES;
				ENABLE_TESTABILITY = YES;
				GCC_C_LANGUAGE_STANDARD = gnu11;
				GCC_DYNAMIC_NO_PIC = NO;
				GCC_NO_COMMON_BLOCKS = YES;
				GCC_OPTIMIZATION_LEVEL = 0;
				GCC_PREPROCESSOR_DEFINITIONS = (
					"DEBUG=1",
					"$(inherited)",
				);
				GCC_WARN_64_TO_32_BIT_CONVERSION = YES;
				GCC_WARN_ABOUT_RETURN_TYPE = YES_ERROR;
				GCC_WARN_UNDECLARED_SELECTOR = YES;
				GCC_WARN_UNINITIALIZED_AUTOS = YES_AGGRESSIVE;
				GCC_WARN_UNUSED_FUNCTION = YES;
				GCC_WARN_UNUSED_VARIABLE = YES;
				IPHONEOS_DEPLOYMENT_TARGET = 15.0;
				MTL_ENABLE_DEBUG_INFO = INCLUDE_SOURCE;
				MTL_FAST_MATH = YES;
				ONLY_ACTIVE_ARCH = YES;
				SDKROOT = iphoneos;
				SWIFT_ACTIVE_COMPILATION_CONDITIONS = DEBUG;
				SWIFT_OPTIMIZATION_LEVEL = "-Onone";
			};
			name = Debug;
		};
		B9C2418E273123E900CEFFED /* Release */ = {
			isa = XCBuildConfiguration;
			buildSettings = {
				ALWAYS_SEARCH_USER_PATHS = NO;
				CLANG_ANALYZER_NONNULL = YES;
				CLANG_ANALYZER_NUMBER_OBJECT_CONVERSION = YES_AGGRESSIVE;
				CLANG_CXX_LANGUAGE_STANDARD = "gnu++17";
				CLANG_CXX_LIBRARY = "libc++";
				CLANG_ENABLE_MODULES = YES;
				CLANG_ENABLE_OBJC_ARC = YES;
				CLANG_ENABLE_OBJC_WEAK = YES;
				CLANG_WARN_BLOCK_CAPTURE_AUTORELEASING = YES;
				CLANG_WARN_BOOL_CONVERSION = YES;
				CLANG_WARN_COMMA = YES;
				CLANG_WARN_CONSTANT_CONVERSION = YES;
				CLANG_WARN_DEPRECATED_OBJC_IMPLEMENTATIONS = YES;
				CLANG_WARN_DIRECT_OBJC_ISA_USAGE = YES_ERROR;
				CLANG_WARN_DOCUMENTATION_COMMENTS = YES;
				CLANG_WARN_EMPTY_BODY = YES;
				CLANG_WARN_ENUM_CONVERSION = YES;
				CLANG_WARN_INFINITE_RECURSION = YES;
				CLANG_WARN_INT_CONVERSION = YES;
				CLANG_WARN_NON_LITERAL_NULL_CONVERSION = YES;
				CLANG_WARN_OBJC_IMPLICIT_RETAIN_SELF = YES;
				CLANG_WARN_OBJC_LITERAL_CONVERSION = YES;
				CLANG_WARN_OBJC_ROOT_CLASS = YES_ERROR;
				CLANG_WARN_QUOTED_INCLUDE_IN_FRAMEWORK_HEADER = YES;
				CLANG_WARN_RANGE_LOOP_ANALYSIS = YES;
				CLANG_WARN_STRICT_PROTOTYPES = YES;
				CLANG_WARN_SUSPICIOUS_MOVE = YES;
				CLANG_WARN_UNGUARDED_AVAILABILITY = YES_AGGRESSIVE;
				CLANG_WARN_UNREACHABLE_CODE = YES;
				CLANG_WARN__DUPLICATE_METHOD_MATCH = YES;
				COPY_PHASE_STRIP = NO;
				DEBUG_INFORMATION_FORMAT = "dwarf-with-dsym";
				ENABLE_NS_ASSERTIONS = NO;
				ENABLE_STRICT_OBJC_MSGSEND = YES;
				GCC_C_LANGUAGE_STANDARD = gnu11;
				GCC_NO_COMMON_BLOCKS = YES;
				GCC_WARN_64_TO_32_BIT_CONVERSION = YES;
				GCC_WARN_ABOUT_RETURN_TYPE = YES_ERROR;
				GCC_WARN_UNDECLARED_SELECTOR = YES;
				GCC_WARN_UNINITIALIZED_AUTOS = YES_AGGRESSIVE;
				GCC_WARN_UNUSED_FUNCTION = YES;
				GCC_WARN_UNUSED_VARIABLE = YES;
				IPHONEOS_DEPLOYMENT_TARGET = 15.0;
				MTL_ENABLE_DEBUG_INFO = NO;
				MTL_FAST_MATH = YES;
				SDKROOT = iphoneos;
				SWIFT_COMPILATION_MODE = wholemodule;
				SWIFT_OPTIMIZATION_LEVEL = "-O";
				VALIDATE_PRODUCT = YES;
			};
			name = Release;
		};
		B9C24190273123E900CEFFED /* Debug */ = {
			isa = XCBuildConfiguration;
			buildSettings = {
				ASSETCATALOG_COMPILER_APPICON_NAME = AppIcon;
				ASSETCATALOG_COMPILER_GLOBAL_ACCENT_COLOR_NAME = AccentColor;
				CODE_SIGN_STYLE = Automatic;
				CURRENT_PROJECT_VERSION = 1;
				GENERATE_INFOPLIST_FILE = YES;
				INFOPLIST_FILE = "ci-cd-demo/Info.plist";
				INFOPLIST_KEY_UIApplicationSupportsIndirectInputEvents = YES;
				INFOPLIST_KEY_UILaunchStoryboardName = LaunchScreen;
				INFOPLIST_KEY_UIMainStoryboardFile = Main;
				INFOPLIST_KEY_UISupportedInterfaceOrientations_iPad = "UIInterfaceOrientationPortrait UIInterfaceOrientationPortraitUpsideDown UIInterfaceOrientationLandscapeLeft UIInterfaceOrientationLandscapeRight";
				INFOPLIST_KEY_UISupportedInterfaceOrientations_iPhone = "UIInterfaceOrientationPortrait UIInterfaceOrientationLandscapeLeft UIInterfaceOrientationLandscapeRight";
				LD_RUNPATH_SEARCH_PATHS = (
					"$(inherited)",
					"@executable_path/Frameworks",
				);
				MARKETING_VERSION = 1.0;
				PRODUCT_BUNDLE_IDENTIFIER = "david.dev.ci-cd-demo";
				PRODUCT_NAME = "$(TARGET_NAME)";
				SWIFT_EMIT_LOC_STRINGS = YES;
				SWIFT_VERSION = 5.0;
				TARGETED_DEVICE_FAMILY = "1,2";
			};
			name = Debug;
		};
		B9C24191273123E900CEFFED /* Release */ = {
			isa = XCBuildConfiguration;
			buildSettings = {
				ASSETCATALOG_COMPILER_APPICON_NAME = AppIcon;
				ASSETCATALOG_COMPILER_GLOBAL_ACCENT_COLOR_NAME = AccentColor;
				CODE_SIGN_STYLE = Automatic;
				CURRENT_PROJECT_VERSION = 1;
				GENERATE_INFOPLIST_FILE = YES;
				INFOPLIST_FILE = "ci-cd-demo/Info.plist";
				INFOPLIST_KEY_UIApplicationSupportsIndirectInputEvents = YES;
				INFOPLIST_KEY_UILaunchStoryboardName = LaunchScreen;
				INFOPLIST_KEY_UIMainStoryboardFile = Main;
				INFOPLIST_KEY_UISupportedInterfaceOrientations_iPad = "UIInterfaceOrientationPortrait UIInterfaceOrientationPortraitUpsideDown UIInterfaceOrientationLandscapeLeft UIInterfaceOrientationLandscapeRight";
				INFOPLIST_KEY_UISupportedInterfaceOrientations_iPhone = "UIInterfaceOrientationPortrait UIInterfaceOrientationLandscapeLeft UIInterfaceOrientationLandscapeRight";
				LD_RUNPATH_SEARCH_PATHS = (
					"$(inherited)",
					"@executable_path/Frameworks",
				);
				MARKETING_VERSION = 1.0;
				PRODUCT_BUNDLE_IDENTIFIER = "david.dev.ci-cd-demo";
				PRODUCT_NAME = "$(TARGET_NAME)";
				SWIFT_EMIT_LOC_STRINGS = YES;
				SWIFT_VERSION = 5.0;
				TARGETED_DEVICE_FAMILY = "1,2";
			};
			name = Release;
		};
		B9C2419D273130AC00CEFFED /* Debug */ = {
			isa = XCBuildConfiguration;
			buildSettings = {
				BUNDLE_LOADER = "$(TEST_HOST)";
				CODE_SIGN_STYLE = Automatic;
				CURRENT_PROJECT_VERSION = 1;
				GENERATE_INFOPLIST_FILE = YES;
				LD_RUNPATH_SEARCH_PATHS = (
					"$(inherited)",
					"@executable_path/Frameworks",
					"@loader_path/Frameworks",
				);
				MARKETING_VERSION = 1.0;
				PRODUCT_BUNDLE_IDENTIFIER = "david.dev.ci-cd-demoTests";
				PRODUCT_NAME = "$(TARGET_NAME)";
				SWIFT_EMIT_LOC_STRINGS = NO;
				SWIFT_VERSION = 5.0;
				TARGETED_DEVICE_FAMILY = "1,2";
				TEST_HOST = "$(BUILT_PRODUCTS_DIR)/ci-cd-demo.app/ci-cd-demo";
			};
			name = Debug;
		};
		B9C2419E273130AC00CEFFED /* Release */ = {
			isa = XCBuildConfiguration;
			buildSettings = {
				BUNDLE_LOADER = "$(TEST_HOST)";
				CODE_SIGN_STYLE = Automatic;
				CURRENT_PROJECT_VERSION = 1;
				GENERATE_INFOPLIST_FILE = YES;
				LD_RUNPATH_SEARCH_PATHS = (
					"$(inherited)",
					"@executable_path/Frameworks",
					"@loader_path/Frameworks",
				);
				MARKETING_VERSION = 1.0;
				PRODUCT_BUNDLE_IDENTIFIER = "david.dev.ci-cd-demoTests";
				PRODUCT_NAME = "$(TARGET_NAME)";
				SWIFT_EMIT_LOC_STRINGS = NO;
				SWIFT_VERSION = 5.0;
				TARGETED_DEVICE_FAMILY = "1,2";
				TEST_HOST = "$(BUILT_PRODUCTS_DIR)/ci-cd-demo.app/ci-cd-demo";
			};
			name = Release;
		};
/* End XCBuildConfiguration section */

/* Begin XCConfigurationList section */
		B9C24176273123E700CEFFED /* Build configuration list for PBXProject "ci-cd-demo" */ = {
			isa = XCConfigurationList;
			buildConfigurations = (
				B9C2418D273123E900CEFFED /* Debug */,
				B9C2418E273123E900CEFFED /* Release */,
			);
			defaultConfigurationIsVisible = 0;
			defaultConfigurationName = Release;
		};
		B9C2418F273123E900CEFFED /* Build configuration list for PBXNativeTarget "ci-cd-demo" */ = {
			isa = XCConfigurationList;
			buildConfigurations = (
				B9C24190273123E900CEFFED /* Debug */,
				B9C24191273123E900CEFFED /* Release */,
			);
			defaultConfigurationIsVisible = 0;
			defaultConfigurationName = Release;
		};
		B9C2419C273130AC00CEFFED /* Build configuration list for PBXNativeTarget "ci-cd-demoTests" */ = {
			isa = XCConfigurationList;
			buildConfigurations = (
				B9C2419D273130AC00CEFFED /* Debug */,
				B9C2419E273130AC00CEFFED /* Release */,
			);
			defaultConfigurationIsVisible = 0;
			defaultConfigurationName = Release;
		};
/* End XCConfigurationList section */
	};
	rootObject = B9C24173273123E700CEFFED /* Project object */;
}
